
Microsoft Visual Studio Solution File, Format Version 12.00
# Visual Studio 15
Project("{FAE04EC0-301F-11D3-BF4B-00C04F79EFBC}") = "Assembly-CSharp", "Assembly-CSharp.csproj", "{6D8B6516-6510-C710-6FB8-24D10DA9AE96}"
EndProject
Project("{FAE04EC0-301F-11D3-BF4B-00C04F79EFBC}") = "UniRx", "UniRx.csproj", "{9DE19486-986D-21F3-ECB8-6D403C1EA283}"
EndProject
Project("{FAE04EC0-301F-11D3-BF4B-00C04F79EFBC}") = "UniRx.Examples", "UniRx.Examples.csproj", "{78D098DB-EF6D-3523-D288-730F97186069}"
EndProject
Global
	GlobalSection(SolutionConfigurationPlatforms) = preSolution
		Debug|Any CPU = Debug|Any CPU
		Release|Any CPU = Release|Any CPU
	EndGlobalSection
	GlobalSection(ProjectConfigurationPlatforms) = postSolution
		{6D8B6516-6510-C710-6FB8-24D10DA9AE96}.Debug|Any CPU.ActiveCfg = Debug|Any CPU
		{6D8B6516-6510-C710-6FB8-24D10DA9AE96}.Debug|Any CPU.Build.0 = Debug|Any CPU
		{6D8B6516-6510-C710-6FB8-24D10DA9AE96}.Release|Any CPU.ActiveCfg = Release|Any CPU
		{6D8B6516-6510-C710-6FB8-24D10DA9AE96}.Release|Any CPU.Build.0 = Release|Any CPU
		{9DE19486-986D-21F3-ECB8-6D403C1EA283}.Debug|Any CPU.ActiveCfg = Debug|Any CPU
		{9DE19486-986D-21F3-ECB8-6D403C1EA283}.Debug|Any CPU.Build.0 = Debug|Any CPU
		{9DE19486-986D-21F3-ECB8-6D403C1EA283}.Release|Any CPU.ActiveCfg = Release|Any CPU
		{9DE19486-986D-21F3-ECB8-6D403C1EA283}.Release|Any CPU.Build.0 = Release|Any CPU
		{78D098DB-EF6D-3523-D288-730F97186069}.Debug|Any CPU.ActiveCfg = Debug|Any CPU
		{78D098DB-EF6D-3523-D288-730F97186069}.Debug|Any CPU.Build.0 = Debug|Any CPU
		{78D098DB-EF6D-3523-D288-730F97186069}.Release|Any CPU.ActiveCfg = Release|Any CPU
		{78D098DB-EF6D-3523-D288-730F97186069}.Release|Any CPU.Build.0 = Release|Any CPU
	EndGlobalSection
	GlobalSection(SolutionProperties) = preSolution
		HideSolutionNode = FALSE
	EndGlobalSection
EndGlobal
